
Microsoft Visual Studio Solution File, Format Version 12.00
# Visual Studio Version 16
VisualStudioVersion = 16.0.30320.27
MinimumVisualStudioVersion = 10.0.40219.1
Project("{9A19103F-16F7-4668-BE54-9A1E7A4F7556}") = "ConsoleEShop", "ConsoleEShop\ConsoleEShop.csproj", "{91D82A44-4C7D-42BD-9FA7-8B716979F2CC}"
EndProject
Project("{FAE04EC0-301F-11D3-BF4B-00C04F79EFBC}") = "ConsoleEShop.Tests", "ConsoleEShop.Tests\ConsoleEShop.Tests.csproj", "{AD677D68-E2FD-46D0-8ED5-BFE3DE1858FF}"
EndProject
Global
	GlobalSection(SolutionConfigurationPlatforms) = preSolution
		Debug|Any CPU = Debug|Any CPU
		Release|Any CPU = Release|Any CPU
	EndGlobalSection
	GlobalSection(ProjectConfigurationPlatforms) = postSolution
		{91D82A44-4C7D-42BD-9FA7-8B716979F2CC}.Debug|Any CPU.ActiveCfg = Debug|Any CPU
		{91D82A44-4C7D-42BD-9FA7-8B716979F2CC}.Debug|Any CPU.Build.0 = Debug|Any CPU
		{91D82A44-4C7D-42BD-9FA7-8B716979F2CC}.Release|Any CPU.ActiveCfg = Release|Any CPU
		{91D82A44-4C7D-42BD-9FA7-8B716979F2CC}.Release|Any CPU.Build.0 = Release|Any CPU
		{AD677D68-E2FD-46D0-8ED5-BFE3DE1858FF}.Debug|Any CPU.ActiveCfg = Debug|Any CPU
		{AD677D68-E2FD-46D0-8ED5-BFE3DE1858FF}.Debug|Any CPU.Build.0 = Debug|Any CPU
		{AD677D68-E2FD-46D0-8ED5-BFE3DE1858FF}.Release|Any CPU.ActiveCfg = Release|Any CPU
		{AD677D68-E2FD-46D0-8ED5-BFE3DE1858FF}.Release|Any CPU.Build.0 = Release|Any CPU
	EndGlobalSection
	GlobalSection(SolutionProperties) = preSolution
		HideSolutionNode = FALSE
	EndGlobalSection
	GlobalSection(ExtensibilityGlobals) = postSolution
		SolutionGuid = {CFB3E3CB-5E65-4BDB-B2A9-B16A66EFD8BD}
	EndGlobalSection
EndGlobal
